
Microsoft Visual Studio Solution File, Format Version 12.00
Project("{FAE04EC0-301F-11D3-BF4B-00C04F79EFBC}") = "WordToVec", "WordToVec\WordToVec.csproj", "{3D0F589E-C736-4208-892B-766EA2E77DE3}"
EndProject
Project("{FAE04EC0-301F-11D3-BF4B-00C04F79EFBC}") = "Test", "Test\Test.csproj", "{5C37D925-5F99-42FF-A3AB-7EAC1E72FB0C}"
EndProject
Global
	GlobalSection(SolutionConfigurationPlatforms) = preSolution
		Debug|Any CPU = Debug|Any CPU
		Release|Any CPU = Release|Any CPU
	EndGlobalSection
	GlobalSection(ProjectConfigurationPlatforms) = postSolution
		{3D0F589E-C736-4208-892B-766EA2E77DE3}.Debug|Any CPU.ActiveCfg = Debug|Any CPU
		{3D0F589E-C736-4208-892B-766EA2E77DE3}.Debug|Any CPU.Build.0 = Debug|Any CPU
		{3D0F589E-C736-4208-892B-766EA2E77DE3}.Release|Any CPU.ActiveCfg = Release|Any CPU
		{3D0F589E-C736-4208-892B-766EA2E77DE3}.Release|Any CPU.Build.0 = Release|Any CPU
		{5C37D925-5F99-42FF-A3AB-7EAC1E72FB0C}.Debug|Any CPU.ActiveCfg = Debug|Any CPU
		{5C37D925-5F99-42FF-A3AB-7EAC1E72FB0C}.Debug|Any CPU.Build.0 = Debug|Any CPU
		{5C37D925-5F99-42FF-A3AB-7EAC1E72FB0C}.Release|Any CPU.ActiveCfg = Release|Any CPU
		{5C37D925-5F99-42FF-A3AB-7EAC1E72FB0C}.Release|Any CPU.Build.0 = Release|Any CPU
	EndGlobalSection
EndGlobal
